
Microsoft Visual Studio Solution File, Format Version 12.00
# Visual Studio Version 17
VisualStudioVersion = 17.1.32228.430
MinimumVisualStudioVersion = 10.0.40219.1
Project("{8BC9CEB8-8B4A-11D0-8D11-00A0C91BC942}") = "WWTBAM22", "WWTBAM22.vcxproj", "{158308BB-689C-46B3-8140-A875BDDE911B}"
EndProject
Global
	GlobalSection(SolutionConfigurationPlatforms) = preSolution
		Debug|x64 = Debug|x64
		Debug|x86 = Debug|x86
		Release|x64 = Release|x64
		Release|x86 = Release|x86
	EndGlobalSection
	GlobalSection(ProjectConfigurationPlatforms) = postSolution
		{158308BB-689C-46B3-8140-A875BDDE911B}.Debug|x64.ActiveCfg = Debug|x64
		{158308BB-689C-46B3-8140-A875BDDE911B}.Debug|x64.Build.0 = Debug|x64
		{158308BB-689C-46B3-8140-A875BDDE911B}.Debug|x86.ActiveCfg = Debug|Win32
		{158308BB-689C-46B3-8140-A875BDDE911B}.Debug|x86.Build.0 = Debug|Win32
		{158308BB-689C-46B3-8140-A875BDDE911B}.Release|x64.ActiveCfg = Release|x64
		{158308BB-689C-46B3-8140-A875BDDE911B}.Release|x64.Build.0 = Release|x64
		{158308BB-689C-46B3-8140-A875BDDE911B}.Release|x86.ActiveCfg = Release|Win32
		{158308BB-689C-46B3-8140-A875BDDE911B}.Release|x86.Build.0 = Release|Win32
	EndGlobalSection
	GlobalSection(SolutionProperties) = preSolution
		HideSolutionNode = FALSE
	EndGlobalSection
	GlobalSection(ExtensibilityGlobals) = postSolution
		SolutionGuid = {4D45661B-83B1-48C7-AE7F-278D772137D2}
	EndGlobalSection
EndGlobal
